
Microsoft Visual Studio Solution File, Format Version 12.00
# Visual Studio 15
VisualStudioVersion = 15.0.26430.16
MinimumVisualStudioVersion = 10.0.40219.1
Project("{FAE04EC0-301F-11D3-BF4B-00C04F79EFBC}") = "ReverseWhoisV2", "ReverseWhoisApi\ReverseWhoisApiV2Sample.csproj", "{7857DF9B-4DF0-466C-B824-1AEC640A9713}"
EndProject
Global
    GlobalSection(SolutionConfigurationPlatforms) = preSolution
        Debug|x86 = Debug|x86
        Release|x86 = Release|x86
    EndGlobalSection
    GlobalSection(ProjectConfigurationPlatforms) = postSolution
        {7857DF9B-4DF0-466C-B824-1AEC640A9713}.Debug|x86.ActiveCfg = Debug|x86
        {7857DF9B-4DF0-466C-B824-1AEC640A9713}.Debug|x86.Build.0 = Debug|x86
        {7857DF9B-4DF0-466C-B824-1AEC640A9713}.Release|x86.ActiveCfg = Release|x86
        {7857DF9B-4DF0-466C-B824-1AEC640A9713}.Release|x86.Build.0 = Release|x86
    EndGlobalSection
    GlobalSection(SolutionProperties) = preSolution
        HideSolutionNode = FALSE
    EndGlobalSection
EndGlobal
